
Microsoft Visual Studio Solution File, Format Version 12.00
# Visual Studio Version 17
VisualStudioVersion = 17.14.36203.30 d17.14
MinimumVisualStudioVersion = 10.0.40219.1
Project("{FAE04EC0-301F-11D3-BF4B-00C04F79EFBC}") = "cargo-flow-backend", "cargo-flow-backend.csproj", "{C7AF5BAA-3BF9-4E43-B865-72291D35AE45}"
EndProject
Global
	GlobalSection(SolutionConfigurationPlatforms) = preSolution
		Debug|Any CPU = Debug|Any CPU
		Release|Any CPU = Release|Any CPU
	EndGlobalSection
	GlobalSection(ProjectConfigurationPlatforms) = postSolution
		{C7AF5BAA-3BF9-4E43-B865-72291D35AE45}.Debug|Any CPU.ActiveCfg = Debug|Any CPU
		{C7AF5BAA-3BF9-4E43-B865-72291D35AE45}.Debug|Any CPU.Build.0 = Debug|Any CPU
		{C7AF5BAA-3BF9-4E43-B865-72291D35AE45}.Release|Any CPU.ActiveCfg = Release|Any CPU
		{C7AF5BAA-3BF9-4E43-B865-72291D35AE45}.Release|Any CPU.Build.0 = Release|Any CPU
	EndGlobalSection
	GlobalSection(SolutionProperties) = preSolution
		HideSolutionNode = FALSE
	EndGlobalSection
	GlobalSection(ExtensibilityGlobals) = postSolution
		SolutionGuid = {ADF15C57-6DA5-431F-A593-114CC004A1D1}
	EndGlobalSection
EndGlobal
